
Microsoft Visual Studio Solution File, Format Version 12.00
# Visual Studio Version 16
VisualStudioVersion = 16.0.32126.315
MinimumVisualStudioVersion = 10.0.40219.1
Project("{FAE04EC0-301F-11D3-BF4B-00C04F79EFBC}") = "BlogProje", "BlogProje\BlogProje.csproj", "{5DFF0051-4040-4484-9EE6-DC020CCD72F6}"
EndProject
Project("{FAE04EC0-301F-11D3-BF4B-00C04F79EFBC}") = "EntityLayer", "EntityLayer\EntityLayer.csproj", "{5FC0772B-E877-484E-8C74-024B74B4CEF6}"
EndProject
Project("{FAE04EC0-301F-11D3-BF4B-00C04F79EFBC}") = "DataAccessLayer", "DataAccessLayer\DataAccessLayer.csproj", "{CFC1E202-7548-408A-A0F9-57810F46A194}"
EndProject
Project("{FAE04EC0-301F-11D3-BF4B-00C04F79EFBC}") = "BusinessLayer", "BusinessLayer\BusinessLayer.csproj", "{7CEA2284-AC6D-43F5-9B4E-37829C79D7F2}"
EndProject
Global
	GlobalSection(SolutionConfigurationPlatforms) = preSolution
		Debug|Any CPU = Debug|Any CPU
		Release|Any CPU = Release|Any CPU
	EndGlobalSection
	GlobalSection(ProjectConfigurationPlatforms) = postSolution
		{5DFF0051-4040-4484-9EE6-DC020CCD72F6}.Debug|Any CPU.ActiveCfg = Debug|Any CPU
		{5DFF0051-4040-4484-9EE6-DC020CCD72F6}.Debug|Any CPU.Build.0 = Debug|Any CPU
		{5DFF0051-4040-4484-9EE6-DC020CCD72F6}.Release|Any CPU.ActiveCfg = Release|Any CPU
		{5DFF0051-4040-4484-9EE6-DC020CCD72F6}.Release|Any CPU.Build.0 = Release|Any CPU
		{5FC0772B-E877-484E-8C74-024B74B4CEF6}.Debug|Any CPU.ActiveCfg = Debug|Any CPU
		{5FC0772B-E877-484E-8C74-024B74B4CEF6}.Debug|Any CPU.Build.0 = Debug|Any CPU
		{5FC0772B-E877-484E-8C74-024B74B4CEF6}.Release|Any CPU.ActiveCfg = Release|Any CPU
		{5FC0772B-E877-484E-8C74-024B74B4CEF6}.Release|Any CPU.Build.0 = Release|Any CPU
		{CFC1E202-7548-408A-A0F9-57810F46A194}.Debug|Any CPU.ActiveCfg = Debug|Any CPU
		{CFC1E202-7548-408A-A0F9-57810F46A194}.Debug|Any CPU.Build.0 = Debug|Any CPU
		{CFC1E202-7548-408A-A0F9-57810F46A194}.Release|Any CPU.ActiveCfg = Release|Any CPU
		{CFC1E202-7548-408A-A0F9-57810F46A194}.Release|Any CPU.Build.0 = Release|Any CPU
		{7CEA2284-AC6D-43F5-9B4E-37829C79D7F2}.Debug|Any CPU.ActiveCfg = Debug|Any CPU
		{7CEA2284-AC6D-43F5-9B4E-37829C79D7F2}.Debug|Any CPU.Build.0 = Debug|Any CPU
		{7CEA2284-AC6D-43F5-9B4E-37829C79D7F2}.Release|Any CPU.ActiveCfg = Release|Any CPU
		{7CEA2284-AC6D-43F5-9B4E-37829C79D7F2}.Release|Any CPU.Build.0 = Release|Any CPU
	EndGlobalSection
	GlobalSection(SolutionProperties) = preSolution
		HideSolutionNode = FALSE
	EndGlobalSection
	GlobalSection(ExtensibilityGlobals) = postSolution
		SolutionGuid = {9BFFFE8A-312E-47BF-85E2-2A01B52C49C9}
	EndGlobalSection
EndGlobal
